
Microsoft Visual Studio Solution File, Format Version 11.00
# Visual Studio 2010
Project("{FAE04EC0-301F-11D3-BF4B-00C04F79EFBC}") = "Candidate.Web", "Candidate.Web\Candidate.Web.csproj", "{9D576FCC-2182-4570-8F6B-2B71EBFA7FB4}"
EndProject
Project("{FAE04EC0-301F-11D3-BF4B-00C04F79EFBC}") = "Candidate.Tests", "Candidate.Tests\Candidate.Tests.csproj", "{7CDAEE7A-7C56-4411-83A9-D27E64C7DB0D}"
EndProject
Project("{FAE04EC0-301F-11D3-BF4B-00C04F79EFBC}") = "Candidate.Core", "Candidate.Core\Candidate.Core.csproj", "{F7875002-FC5B-4039-86EE-11540E02D322}"
EndProject
Project("{FAE04EC0-301F-11D3-BF4B-00C04F79EFBC}") = "Candidate.Integration.Tests", "Candidate.Integration.Tests\Candidate.Integration.Tests.csproj", "{EF7592C9-F19D-4A30-A211-01977C4D8BF4}"
EndProject
Project("{2150E333-8FDC-42A3-9474-1A3956D46DE8}") = "Tests", "Tests", "{EA20B4CD-421A-4B33-BCF2-071ADB825262}"
EndProject
Project("{2150E333-8FDC-42A3-9474-1A3956D46DE8}") = "Libraries", "Libraries", "{7FA0D11B-6B08-41D1-8901-88FDAD8300A8}"
EndProject
Project("{2150E333-8FDC-42A3-9474-1A3956D46DE8}") = "Web", "Web", "{48C51342-333C-436F-AB30-9ECB581A5842}"
EndProject
Project("{2150E333-8FDC-42A3-9474-1A3956D46DE8}") = "Bounce", "Bounce", "{3276F17A-0BC8-4F21-9A68-F4682A09C131}"
EndProject
Project("{FAE04EC0-301F-11D3-BF4B-00C04F79EFBC}") = "Bounce.Framework", "Bounce\Bounce.Framework\Bounce.Framework.csproj", "{05E5A4A4-E497-4FDF-B843-8EE583F5D71E}"
EndProject
Project("{2150E333-8FDC-42A3-9474-1A3956D46DE8}") = "SelfHosted", "SelfHosted", "{A4CEDA59-9EE6-49C2-B743-5D16DF3070F0}"
EndProject
Project("{FAE04EC0-301F-11D3-BF4B-00C04F79EFBC}") = "Candidate.Nancy.Selfhosted", "Candidate.Nancy.Selfhosted\Candidate.Nancy.Selfhosted.csproj", "{53D8D784-BEB4-499B-B6BD-1D7407F547F6}"
EndProject
Global
	GlobalSection(SolutionConfigurationPlatforms) = preSolution
		Debug_3_5|Any CPU = Debug_3_5|Any CPU
		Debug_3_5|Mixed Platforms = Debug_3_5|Mixed Platforms
		Debug_3_5|x86 = Debug_3_5|x86
		Debug|Any CPU = Debug|Any CPU
		Debug|Mixed Platforms = Debug|Mixed Platforms
		Debug|x86 = Debug|x86
		Release|Any CPU = Release|Any CPU
		Release|Mixed Platforms = Release|Mixed Platforms
		Release|x86 = Release|x86
	EndGlobalSection
	GlobalSection(ProjectConfigurationPlatforms) = postSolution
		{9D576FCC-2182-4570-8F6B-2B71EBFA7FB4}.Debug_3_5|Any CPU.ActiveCfg = Debug|Any CPU
		{9D576FCC-2182-4570-8F6B-2B71EBFA7FB4}.Debug_3_5|Any CPU.Build.0 = Debug|Any CPU
		{9D576FCC-2182-4570-8F6B-2B71EBFA7FB4}.Debug_3_5|Mixed Platforms.ActiveCfg = Debug|Any CPU
		{9D576FCC-2182-4570-8F6B-2B71EBFA7FB4}.Debug_3_5|Mixed Platforms.Build.0 = Debug|Any CPU
		{9D576FCC-2182-4570-8F6B-2B71EBFA7FB4}.Debug_3_5|x86.ActiveCfg = Debug|Any CPU
		{9D576FCC-2182-4570-8F6B-2B71EBFA7FB4}.Debug|Any CPU.ActiveCfg = Debug|Any CPU
		{9D576FCC-2182-4570-8F6B-2B71EBFA7FB4}.Debug|Any CPU.Build.0 = Debug|Any CPU
		{9D576FCC-2182-4570-8F6B-2B71EBFA7FB4}.Debug|Mixed Platforms.ActiveCfg = Debug|Any CPU
		{9D576FCC-2182-4570-8F6B-2B71EBFA7FB4}.Debug|Mixed Platforms.Build.0 = Debug|Any CPU
		{9D576FCC-2182-4570-8F6B-2B71EBFA7FB4}.Debug|x86.ActiveCfg = Debug|Any CPU
		{9D576FCC-2182-4570-8F6B-2B71EBFA7FB4}.Release|Any CPU.ActiveCfg = Release|Any CPU
		{9D576FCC-2182-4570-8F6B-2B71EBFA7FB4}.Release|Any CPU.Build.0 = Release|Any CPU
		{9D576FCC-2182-4570-8F6B-2B71EBFA7FB4}.Release|Mixed Platforms.ActiveCfg = Release|Any CPU
		{9D576FCC-2182-4570-8F6B-2B71EBFA7FB4}.Release|Mixed Platforms.Build.0 = Release|Any CPU
		{9D576FCC-2182-4570-8F6B-2B71EBFA7FB4}.Release|x86.ActiveCfg = Release|Any CPU
		{7CDAEE7A-7C56-4411-83A9-D27E64C7DB0D}.Debug_3_5|Any CPU.ActiveCfg = Debug|Any CPU
		{7CDAEE7A-7C56-4411-83A9-D27E64C7DB0D}.Debug_3_5|Any CPU.Build.0 = Debug|Any CPU
		{7CDAEE7A-7C56-4411-83A9-D27E64C7DB0D}.Debug_3_5|Mixed Platforms.ActiveCfg = Debug|Any CPU
		{7CDAEE7A-7C56-4411-83A9-D27E64C7DB0D}.Debug_3_5|Mixed Platforms.Build.0 = Debug|Any CPU
		{7CDAEE7A-7C56-4411-83A9-D27E64C7DB0D}.Debug_3_5|x86.ActiveCfg = Debug|Any CPU
		{7CDAEE7A-7C56-4411-83A9-D27E64C7DB0D}.Debug|Any CPU.ActiveCfg = Debug|Any CPU
		{7CDAEE7A-7C56-4411-83A9-D27E64C7DB0D}.Debug|Any CPU.Build.0 = Debug|Any CPU
		{7CDAEE7A-7C56-4411-83A9-D27E64C7DB0D}.Debug|Mixed Platforms.ActiveCfg = Debug|Any CPU
		{7CDAEE7A-7C56-4411-83A9-D27E64C7DB0D}.Debug|Mixed Platforms.Build.0 = Debug|Any CPU
		{7CDAEE7A-7C56-4411-83A9-D27E64C7DB0D}.Debug|x86.ActiveCfg = Debug|Any CPU
		{7CDAEE7A-7C56-4411-83A9-D27E64C7DB0D}.Release|Any CPU.ActiveCfg = Release|Any CPU
		{7CDAEE7A-7C56-4411-83A9-D27E64C7DB0D}.Release|Any CPU.Build.0 = Release|Any CPU
		{7CDAEE7A-7C56-4411-83A9-D27E64C7DB0D}.Release|Mixed Platforms.ActiveCfg = Release|Any CPU
		{7CDAEE7A-7C56-4411-83A9-D27E64C7DB0D}.Release|Mixed Platforms.Build.0 = Release|Any CPU
		{7CDAEE7A-7C56-4411-83A9-D27E64C7DB0D}.Release|x86.ActiveCfg = Release|Any CPU
		{F7875002-FC5B-4039-86EE-11540E02D322}.Debug_3_5|Any CPU.ActiveCfg = Debug|Any CPU
		{F7875002-FC5B-4039-86EE-11540E02D322}.Debug_3_5|Any CPU.Build.0 = Debug|Any CPU
		{F7875002-FC5B-4039-86EE-11540E02D322}.Debug_3_5|Mixed Platforms.ActiveCfg = Debug|Any CPU
		{F7875002-FC5B-4039-86EE-11540E02D322}.Debug_3_5|Mixed Platforms.Build.0 = Debug|Any CPU
		{F7875002-FC5B-4039-86EE-11540E02D322}.Debug_3_5|x86.ActiveCfg = Debug|Any CPU
		{F7875002-FC5B-4039-86EE-11540E02D322}.Debug|Any CPU.ActiveCfg = Debug|Any CPU
		{F7875002-FC5B-4039-86EE-11540E02D322}.Debug|Any CPU.Build.0 = Debug|Any CPU
		{F7875002-FC5B-4039-86EE-11540E02D322}.Debug|Mixed Platforms.ActiveCfg = Debug|Any CPU
		{F7875002-FC5B-4039-86EE-11540E02D322}.Debug|Mixed Platforms.Build.0 = Debug|Any CPU
		{F7875002-FC5B-4039-86EE-11540E02D322}.Debug|x86.ActiveCfg = Debug|Any CPU
		{F7875002-FC5B-4039-86EE-11540E02D322}.Release|Any CPU.ActiveCfg = Release|Any CPU
		{F7875002-FC5B-4039-86EE-11540E02D322}.Release|Any CPU.Build.0 = Release|Any CPU
		{F7875002-FC5B-4039-86EE-11540E02D322}.Release|Mixed Platforms.ActiveCfg = Release|Any CPU
		{F7875002-FC5B-4039-86EE-11540E02D322}.Release|Mixed Platforms.Build.0 = Release|Any CPU
		{F7875002-FC5B-4039-86EE-11540E02D322}.Release|x86.ActiveCfg = Release|Any CPU
		{EF7592C9-F19D-4A30-A211-01977C4D8BF4}.Debug_3_5|Any CPU.ActiveCfg = Debug|Any CPU
		{EF7592C9-F19D-4A30-A211-01977C4D8BF4}.Debug_3_5|Any CPU.Build.0 = Debug|Any CPU
		{EF7592C9-F19D-4A30-A211-01977C4D8BF4}.Debug_3_5|Mixed Platforms.ActiveCfg = Debug|Any CPU
		{EF7592C9-F19D-4A30-A211-01977C4D8BF4}.Debug_3_5|Mixed Platforms.Build.0 = Debug|Any CPU
		{EF7592C9-F19D-4A30-A211-01977C4D8BF4}.Debug_3_5|x86.ActiveCfg = Debug|Any CPU
		{EF7592C9-F19D-4A30-A211-01977C4D8BF4}.Debug|Any CPU.ActiveCfg = Debug|Any CPU
		{EF7592C9-F19D-4A30-A211-01977C4D8BF4}.Debug|Any CPU.Build.0 = Debug|Any CPU
		{EF7592C9-F19D-4A30-A211-01977C4D8BF4}.Debug|Mixed Platforms.ActiveCfg = Debug|Any CPU
		{EF7592C9-F19D-4A30-A211-01977C4D8BF4}.Debug|Mixed Platforms.Build.0 = Debug|Any CPU
		{EF7592C9-F19D-4A30-A211-01977C4D8BF4}.Debug|x86.ActiveCfg = Debug|Any CPU
		{EF7592C9-F19D-4A30-A211-01977C4D8BF4}.Release|Any CPU.ActiveCfg = Release|Any CPU
		{EF7592C9-F19D-4A30-A211-01977C4D8BF4}.Release|Any CPU.Build.0 = Release|Any CPU
		{EF7592C9-F19D-4A30-A211-01977C4D8BF4}.Release|Mixed Platforms.ActiveCfg = Release|Any CPU
		{EF7592C9-F19D-4A30-A211-01977C4D8BF4}.Release|Mixed Platforms.Build.0 = Release|Any CPU
		{EF7592C9-F19D-4A30-A211-01977C4D8BF4}.Release|x86.ActiveCfg = Release|Any CPU
		{05E5A4A4-E497-4FDF-B843-8EE583F5D71E}.Debug_3_5|Any CPU.ActiveCfg = Debug_3_5|Any CPU
		{05E5A4A4-E497-4FDF-B843-8EE583F5D71E}.Debug_3_5|Any CPU.Build.0 = Debug_3_5|Any CPU
		{05E5A4A4-E497-4FDF-B843-8EE583F5D71E}.Debug_3_5|Mixed Platforms.ActiveCfg = Debug_3_5|Any CPU
		{05E5A4A4-E497-4FDF-B843-8EE583F5D71E}.Debug_3_5|Mixed Platforms.Build.0 = Debug_3_5|Any CPU
		{05E5A4A4-E497-4FDF-B843-8EE583F5D71E}.Debug_3_5|x86.ActiveCfg = Debug_3_5|Any CPU
		{05E5A4A4-E497-4FDF-B843-8EE583F5D71E}.Debug|Any CPU.ActiveCfg = Debug|Any CPU
		{05E5A4A4-E497-4FDF-B843-8EE583F5D71E}.Debug|Any CPU.Build.0 = Debug|Any CPU
		{05E5A4A4-E497-4FDF-B843-8EE583F5D71E}.Debug|Mixed Platforms.ActiveCfg = Debug|Any CPU
		{05E5A4A4-E497-4FDF-B843-8EE583F5D71E}.Debug|Mixed Platforms.Build.0 = Debug|Any CPU
		{05E5A4A4-E497-4FDF-B843-8EE583F5D71E}.Debug|x86.ActiveCfg = Debug|Any CPU
		{05E5A4A4-E497-4FDF-B843-8EE583F5D71E}.Release|Any CPU.ActiveCfg = Release|Any CPU
		{05E5A4A4-E497-4FDF-B843-8EE583F5D71E}.Release|Any CPU.Build.0 = Release|Any CPU
		{05E5A4A4-E497-4FDF-B843-8EE583F5D71E}.Release|Mixed Platforms.ActiveCfg = Release|Any CPU
		{05E5A4A4-E497-4FDF-B843-8EE583F5D71E}.Release|Mixed Platforms.Build.0 = Release|Any CPU
		{05E5A4A4-E497-4FDF-B843-8EE583F5D71E}.Release|x86.ActiveCfg = Release|Any CPU
		{53D8D784-BEB4-499B-B6BD-1D7407F547F6}.Debug_3_5|Any CPU.ActiveCfg = Debug|x86
		{53D8D784-BEB4-499B-B6BD-1D7407F547F6}.Debug_3_5|Mixed Platforms.ActiveCfg = Debug|x86
		{53D8D784-BEB4-499B-B6BD-1D7407F547F6}.Debug_3_5|Mixed Platforms.Build.0 = Debug|x86
		{53D8D784-BEB4-499B-B6BD-1D7407F547F6}.Debug_3_5|x86.ActiveCfg = Debug|x86
		{53D8D784-BEB4-499B-B6BD-1D7407F547F6}.Debug_3_5|x86.Build.0 = Debug|x86
		{53D8D784-BEB4-499B-B6BD-1D7407F547F6}.Debug|Any CPU.ActiveCfg = Debug|x86
		{53D8D784-BEB4-499B-B6BD-1D7407F547F6}.Debug|Mixed Platforms.ActiveCfg = Debug|x86
		{53D8D784-BEB4-499B-B6BD-1D7407F547F6}.Debug|Mixed Platforms.Build.0 = Debug|x86
		{53D8D784-BEB4-499B-B6BD-1D7407F547F6}.Debug|x86.ActiveCfg = Debug|x86
		{53D8D784-BEB4-499B-B6BD-1D7407F547F6}.Debug|x86.Build.0 = Debug|x86
		{53D8D784-BEB4-499B-B6BD-1D7407F547F6}.Release|Any CPU.ActiveCfg = Release|x86
		{53D8D784-BEB4-499B-B6BD-1D7407F547F6}.Release|Mixed Platforms.ActiveCfg = Release|x86
		{53D8D784-BEB4-499B-B6BD-1D7407F547F6}.Release|Mixed Platforms.Build.0 = Release|x86
		{53D8D784-BEB4-499B-B6BD-1D7407F547F6}.Release|x86.ActiveCfg = Release|x86
		{53D8D784-BEB4-499B-B6BD-1D7407F547F6}.Release|x86.Build.0 = Release|x86
	EndGlobalSection
	GlobalSection(SolutionProperties) = preSolution
		HideSolutionNode = FALSE
	EndGlobalSection
	GlobalSection(NestedProjects) = preSolution
		{9D576FCC-2182-4570-8F6B-2B71EBFA7FB4} = {48C51342-333C-436F-AB30-9ECB581A5842}
		{EF7592C9-F19D-4A30-A211-01977C4D8BF4} = {EA20B4CD-421A-4B33-BCF2-071ADB825262}
		{7CDAEE7A-7C56-4411-83A9-D27E64C7DB0D} = {EA20B4CD-421A-4B33-BCF2-071ADB825262}
		{F7875002-FC5B-4039-86EE-11540E02D322} = {7FA0D11B-6B08-41D1-8901-88FDAD8300A8}
		{05E5A4A4-E497-4FDF-B843-8EE583F5D71E} = {3276F17A-0BC8-4F21-9A68-F4682A09C131}
		{53D8D784-BEB4-499B-B6BD-1D7407F547F6} = {A4CEDA59-9EE6-49C2-B743-5D16DF3070F0}
	EndGlobalSection
EndGlobal
